
Microsoft Visual Studio Solution File, Format Version 12.00
# Visual Studio Version 16
VisualStudioVersion = 16.0.31112.23
MinimumVisualStudioVersion = 10.0.40219.1
Project("{FAE04EC0-301F-11D3-BF4B-00C04F79EFBC}") = "IdentityServer.AuthServer", "IdentityServer.AuthServer\IdentityServer.AuthServer.csproj", "{C47BB8A6-A9A6-46A6-A213-B20CF79120C3}"
EndProject
Project("{FAE04EC0-301F-11D3-BF4B-00C04F79EFBC}") = "IdentityServer.MvcWebClient", "IdentityServer.MvcWebClient\IdentityServer.MvcWebClient.csproj", "{8DF7FFBD-BB18-45B5-AB33-5F75B7BC41DF}"
EndProject
Project("{FAE04EC0-301F-11D3-BF4B-00C04F79EFBC}") = "IdentityServer.MvcWebClient2", "IdentityServer.MvcWebClient2\IdentityServer.MvcWebClient2.csproj", "{B1050C82-271B-48D5-BCC4-054E999E4033}"
EndProject
Project("{FAE04EC0-301F-11D3-BF4B-00C04F79EFBC}") = "IdentityServer.WebApi1", "IdentityServer.WebApi1\IdentityServer.WebApi1.csproj", "{65CC4E84-1F6C-460A-9798-1A92A2BC4F5F}"
EndProject
Project("{FAE04EC0-301F-11D3-BF4B-00C04F79EFBC}") = "IdentityServer.WebApi2", "IdentityServer.WebApi2\IdentityServer.WebApi2.csproj", "{249B9564-EAF1-49A9-82BE-CB4104E7E289}"
EndProject
Project("{2150E333-8FDC-42A3-9474-1A3956D46DE8}") = "Solution Items", "Solution Items", "{8D6048E0-09D0-469A-B8EE-33F4B2C11227}"
	ProjectSection(SolutionItems) = preProject
		Ports.txt = Ports.txt
	EndProjectSection
EndProject
Global
	GlobalSection(SolutionConfigurationPlatforms) = preSolution
		Debug|Any CPU = Debug|Any CPU
		Release|Any CPU = Release|Any CPU
	EndGlobalSection
	GlobalSection(ProjectConfigurationPlatforms) = postSolution
		{C47BB8A6-A9A6-46A6-A213-B20CF79120C3}.Debug|Any CPU.ActiveCfg = Debug|Any CPU
		{C47BB8A6-A9A6-46A6-A213-B20CF79120C3}.Debug|Any CPU.Build.0 = Debug|Any CPU
		{C47BB8A6-A9A6-46A6-A213-B20CF79120C3}.Release|Any CPU.ActiveCfg = Release|Any CPU
		{C47BB8A6-A9A6-46A6-A213-B20CF79120C3}.Release|Any CPU.Build.0 = Release|Any CPU
		{8DF7FFBD-BB18-45B5-AB33-5F75B7BC41DF}.Debug|Any CPU.ActiveCfg = Debug|Any CPU
		{8DF7FFBD-BB18-45B5-AB33-5F75B7BC41DF}.Debug|Any CPU.Build.0 = Debug|Any CPU
		{8DF7FFBD-BB18-45B5-AB33-5F75B7BC41DF}.Release|Any CPU.ActiveCfg = Release|Any CPU
		{8DF7FFBD-BB18-45B5-AB33-5F75B7BC41DF}.Release|Any CPU.Build.0 = Release|Any CPU
		{B1050C82-271B-48D5-BCC4-054E999E4033}.Debug|Any CPU.ActiveCfg = Debug|Any CPU
		{B1050C82-271B-48D5-BCC4-054E999E4033}.Debug|Any CPU.Build.0 = Debug|Any CPU
		{B1050C82-271B-48D5-BCC4-054E999E4033}.Release|Any CPU.ActiveCfg = Release|Any CPU
		{B1050C82-271B-48D5-BCC4-054E999E4033}.Release|Any CPU.Build.0 = Release|Any CPU
		{65CC4E84-1F6C-460A-9798-1A92A2BC4F5F}.Debug|Any CPU.ActiveCfg = Debug|Any CPU
		{65CC4E84-1F6C-460A-9798-1A92A2BC4F5F}.Debug|Any CPU.Build.0 = Debug|Any CPU
		{65CC4E84-1F6C-460A-9798-1A92A2BC4F5F}.Release|Any CPU.ActiveCfg = Release|Any CPU
		{65CC4E84-1F6C-460A-9798-1A92A2BC4F5F}.Release|Any CPU.Build.0 = Release|Any CPU
		{249B9564-EAF1-49A9-82BE-CB4104E7E289}.Debug|Any CPU.ActiveCfg = Debug|Any CPU
		{249B9564-EAF1-49A9-82BE-CB4104E7E289}.Debug|Any CPU.Build.0 = Debug|Any CPU
		{249B9564-EAF1-49A9-82BE-CB4104E7E289}.Release|Any CPU.ActiveCfg = Release|Any CPU
		{249B9564-EAF1-49A9-82BE-CB4104E7E289}.Release|Any CPU.Build.0 = Release|Any CPU
	EndGlobalSection
	GlobalSection(SolutionProperties) = preSolution
		HideSolutionNode = FALSE
	EndGlobalSection
	GlobalSection(ExtensibilityGlobals) = postSolution
		SolutionGuid = {D7F8EC2D-9697-4E03-A9B8-D20F5A291E00}
	EndGlobalSection
EndGlobal
